
Microsoft Visual Studio Solution File, Format Version 12.00
# Visual Studio Version 16
VisualStudioVersion = 16.0.31205.134
MinimumVisualStudioVersion = 10.0.40219.1
Project("{FAE04EC0-301F-11D3-BF4B-00C04F79EFBC}") = "DEA.Client", "DEA.Client\DEA.Client.csproj", "{5B479CA5-AD2B-4684-9E30-8E9FC6CF0282}"
EndProject
Project("{FAE04EC0-301F-11D3-BF4B-00C04F79EFBC}") = "DEA.Tools", "DEA.Tools\DEA.Tools.csproj", "{76159C14-105F-4BFF-8742-6B66572A8923}"
EndProject
Project("{FAE04EC0-301F-11D3-BF4B-00C04F79EFBC}") = "DEA.Server", "DEA.Server\DEA.Server.csproj", "{EDB98CEC-FD5E-43C1-8FBA-5CE48F4264E8}"
EndProject
Project("{9A19103F-16F7-4668-BE54-9A1E7A4F7556}") = "DEA.API", "DEA.API\DEA.API.csproj", "{4A596697-0C4B-4B2F-A37E-E3217D693B98}"
EndProject
Project("{FAE04EC0-301F-11D3-BF4B-00C04F79EFBC}") = "DEA.Core", "DEA.Core\DEA.Core.csproj", "{2A9C7A17-EBB9-4F71-B8D8-238002C99A42}"
EndProject
Project("{2150E333-8FDC-42A3-9474-1A3956D46DE8}") = "Test", "Test", "{6B91AF79-343E-4D11-9498-0253CBECE86A}"
EndProject
Project("{2150E333-8FDC-42A3-9474-1A3956D46DE8}") = "DEA", "DEA", "{778683CB-F1AE-4470-ADBA-353FF9C2FCA1}"
EndProject
Project("{FAE04EC0-301F-11D3-BF4B-00C04F79EFBC}") = "DEA.Tools.Compression.QuickLZ", "DEA.Tools.Compression.QuickLZ\DEA.Tools.Compression.QuickLZ.csproj", "{CECE00F1-56D1-4A94-B737-CF19258DFE68}"
EndProject
Project("{FAE04EC0-301F-11D3-BF4B-00C04F79EFBC}") = "DEA.Tools.Compression.LZ4", "DEA.Tools.Compression.LZ4\DEA.Tools.Compression.LZ4.csproj", "{9BA5A730-85E2-4C02-8A57-276A12A89CA7}"
EndProject
Project("{FAE04EC0-301F-11D3-BF4B-00C04F79EFBC}") = "DEA.Tools.Serialization.BinarySerializer", "DEA.Tools.Serialization.BinarySerializer\DEA.Tools.Serialization.BinarySerializer.csproj", "{4B564E2E-4534-480B-AD67-438057BF7972}"
EndProject
Project("{FAE04EC0-301F-11D3-BF4B-00C04F79EFBC}") = "DEA.Tools.Serialization.NewtonsoftJson", "DEA.Tools.Serialization.NewtonsoftJson\DEA.Tools.Serialization.NewtonsoftJson.csproj", "{D22F8C72-3F73-4F6C-B0AF-8041FD8CF712}"
EndProject
Project("{FAE04EC0-301F-11D3-BF4B-00C04F79EFBC}") = "DEA.Tools.Serialization.JsonNet", "DEA.Tools.Serialization.JsonNet\DEA.Tools.Serialization.JsonNet.csproj", "{9B5AC548-A8BA-448E-A469-6429F0E2A62B}"
EndProject
Project("{FAE04EC0-301F-11D3-BF4B-00C04F79EFBC}") = "DEA.Tools.Serialization.DataContractXml", "DEA.Tools.Serialization.DataContractXml\DEA.Tools.Serialization.DataContractXml.csproj", "{F0AAEB91-7ABC-4B6F-9638-8F8BC403A893}"
EndProject
Project("{FAE04EC0-301F-11D3-BF4B-00C04F79EFBC}") = "DEA.Tools.Serialization.DataContractJson", "DEA.Tools.Serialization.DataContractJson\DEA.Tools.Serialization.DataContractJson.csproj", "{A96C8E7F-DC19-4260-9039-1E7FAE37B45F}"
EndProject
Project("{FAE04EC0-301F-11D3-BF4B-00C04F79EFBC}") = "DEA.Tools.Serialization.XmlStd", "DEA.Tools.Serialization.XmlStd\DEA.Tools.Serialization.XmlStd.csproj", "{76671D91-F1C3-4B3D-A6BA-FCE132D0E859}"
EndProject
Project("{FAE04EC0-301F-11D3-BF4B-00C04F79EFBC}") = "DEA.Tools.MessageHandler.Kafka", "DEA.Tools.MessageHandler.Kafka\DEA.Tools.MessageHandler.Kafka.csproj", "{E825556C-04D7-4856-BB64-6D4BE10D7045}"
EndProject
Project("{FAE04EC0-301F-11D3-BF4B-00C04F79EFBC}") = "DEA.Tools.MessageHandler.Redis", "DEA.Tools.MessageHandler.Redis\DEA.Tools.MessageHandler.Redis.csproj", "{AD8A1409-A718-4491-9C60-7FD50EDDC396}"
EndProject
Project("{FAE04EC0-301F-11D3-BF4B-00C04F79EFBC}") = "DEA.Tools.MessageHandler.RabbitMQ", "DEA.Tools.MessageHandler.RabbitMQ\DEA.Tools.MessageHandler.RabbitMQ.csproj", "{52B53831-0038-4DFD-8E7A-B27ED1CFBC30}"
EndProject
Project("{FAE04EC0-301F-11D3-BF4B-00C04F79EFBC}") = "DEA.Tools.MessageStore.Redis", "DEA.Tools.MessageStore.Redis\DEA.Tools.MessageStore.Redis.csproj", "{20FEA49B-71AD-485C-A19D-7F68D78F2D30}"
EndProject
Project("{FAE04EC0-301F-11D3-BF4B-00C04F79EFBC}") = "DEA.Tools.MessageStore.SQLServer", "DEA.Tools.MessageStore.SQLServer\DEA.Tools.MessageStore.SQLServer.csproj", "{B0D96864-0909-4693-B548-D8AD04A80CF9}"
EndProject
Project("{FAE04EC0-301F-11D3-BF4B-00C04F79EFBC}") = "DEA.Tools.MessageStore.MongoDb", "DEA.Tools.MessageStore.MongoDb\DEA.Tools.MessageStore.MongoDb.csproj", "{9150C59E-274C-429C-9FE4-2DCA43BEAEFA}"
EndProject
Project("{FAE04EC0-301F-11D3-BF4B-00C04F79EFBC}") = "DEA.Tools.MessageStore.Minio", "DEA.Tools.MessageStore.Minio\DEA.Tools.MessageStore.Minio.csproj", "{E332ED67-76F2-4241-ABAD-C63D68EEC2FF}"
EndProject
Project("{FAE04EC0-301F-11D3-BF4B-00C04F79EFBC}") = "DEA.Tools.MessageStore.Memcached", "DEA.Tools.MessageStore.Memcached\DEA.Tools.MessageStore.Memcached.csproj", "{AE0804AF-8CAB-42CA-9C0F-F140DE7102A3}"
EndProject
Project("{FAE04EC0-301F-11D3-BF4B-00C04F79EFBC}") = "DEA.Tools.Compression.Deflate", "DEA.Tools.Compression.Deflate\DEA.Tools.Compression.Deflate.csproj", "{4F3DEC63-ADE0-4922-A79A-C3DE93EDE34E}"
EndProject
Project("{FAE04EC0-301F-11D3-BF4B-00C04F79EFBC}") = "DEA.Tools.Compression.Gzip", "DEA.Tools.Compression.Gzip\DEA.Tools.Compression.Gzip.csproj", "{0DEA9BAA-2B4A-45CA-B4C8-29E206319C56}"
EndProject
Project("{FAE04EC0-301F-11D3-BF4B-00C04F79EFBC}") = "DEA.Tools.MessageHandler.RedisMQ", "DEA.Tools.MessageHandler.RedisMQ\DEA.Tools.MessageHandler.RedisMQ.csproj", "{9E6DBF70-EA2C-4242-9166-D11CC0E16831}"
EndProject
Global
	GlobalSection(SolutionConfigurationPlatforms) = preSolution
		Debug|Any CPU = Debug|Any CPU
		Release|Any CPU = Release|Any CPU
	EndGlobalSection
	GlobalSection(ProjectConfigurationPlatforms) = postSolution
		{5B479CA5-AD2B-4684-9E30-8E9FC6CF0282}.Debug|Any CPU.ActiveCfg = Debug|Any CPU
		{5B479CA5-AD2B-4684-9E30-8E9FC6CF0282}.Debug|Any CPU.Build.0 = Debug|Any CPU
		{5B479CA5-AD2B-4684-9E30-8E9FC6CF0282}.Release|Any CPU.ActiveCfg = Release|Any CPU
		{5B479CA5-AD2B-4684-9E30-8E9FC6CF0282}.Release|Any CPU.Build.0 = Release|Any CPU
		{76159C14-105F-4BFF-8742-6B66572A8923}.Debug|Any CPU.ActiveCfg = Debug|Any CPU
		{76159C14-105F-4BFF-8742-6B66572A8923}.Debug|Any CPU.Build.0 = Debug|Any CPU
		{76159C14-105F-4BFF-8742-6B66572A8923}.Release|Any CPU.ActiveCfg = Release|Any CPU
		{76159C14-105F-4BFF-8742-6B66572A8923}.Release|Any CPU.Build.0 = Release|Any CPU
		{EDB98CEC-FD5E-43C1-8FBA-5CE48F4264E8}.Debug|Any CPU.ActiveCfg = Debug|Any CPU
		{EDB98CEC-FD5E-43C1-8FBA-5CE48F4264E8}.Debug|Any CPU.Build.0 = Debug|Any CPU
		{EDB98CEC-FD5E-43C1-8FBA-5CE48F4264E8}.Release|Any CPU.ActiveCfg = Release|Any CPU
		{EDB98CEC-FD5E-43C1-8FBA-5CE48F4264E8}.Release|Any CPU.Build.0 = Release|Any CPU
		{4A596697-0C4B-4B2F-A37E-E3217D693B98}.Debug|Any CPU.ActiveCfg = Debug|Any CPU
		{4A596697-0C4B-4B2F-A37E-E3217D693B98}.Debug|Any CPU.Build.0 = Debug|Any CPU
		{4A596697-0C4B-4B2F-A37E-E3217D693B98}.Release|Any CPU.ActiveCfg = Release|Any CPU
		{4A596697-0C4B-4B2F-A37E-E3217D693B98}.Release|Any CPU.Build.0 = Release|Any CPU
		{2A9C7A17-EBB9-4F71-B8D8-238002C99A42}.Debug|Any CPU.ActiveCfg = Debug|Any CPU
		{2A9C7A17-EBB9-4F71-B8D8-238002C99A42}.Debug|Any CPU.Build.0 = Debug|Any CPU
		{2A9C7A17-EBB9-4F71-B8D8-238002C99A42}.Release|Any CPU.ActiveCfg = Release|Any CPU
		{2A9C7A17-EBB9-4F71-B8D8-238002C99A42}.Release|Any CPU.Build.0 = Release|Any CPU
		{CECE00F1-56D1-4A94-B737-CF19258DFE68}.Debug|Any CPU.ActiveCfg = Debug|Any CPU
		{CECE00F1-56D1-4A94-B737-CF19258DFE68}.Debug|Any CPU.Build.0 = Debug|Any CPU
		{CECE00F1-56D1-4A94-B737-CF19258DFE68}.Release|Any CPU.ActiveCfg = Release|Any CPU
		{CECE00F1-56D1-4A94-B737-CF19258DFE68}.Release|Any CPU.Build.0 = Release|Any CPU
		{9BA5A730-85E2-4C02-8A57-276A12A89CA7}.Debug|Any CPU.ActiveCfg = Debug|Any CPU
		{9BA5A730-85E2-4C02-8A57-276A12A89CA7}.Debug|Any CPU.Build.0 = Debug|Any CPU
		{9BA5A730-85E2-4C02-8A57-276A12A89CA7}.Release|Any CPU.ActiveCfg = Release|Any CPU
		{9BA5A730-85E2-4C02-8A57-276A12A89CA7}.Release|Any CPU.Build.0 = Release|Any CPU
		{4B564E2E-4534-480B-AD67-438057BF7972}.Debug|Any CPU.ActiveCfg = Debug|Any CPU
		{4B564E2E-4534-480B-AD67-438057BF7972}.Debug|Any CPU.Build.0 = Debug|Any CPU
		{4B564E2E-4534-480B-AD67-438057BF7972}.Release|Any CPU.ActiveCfg = Release|Any CPU
		{4B564E2E-4534-480B-AD67-438057BF7972}.Release|Any CPU.Build.0 = Release|Any CPU
		{D22F8C72-3F73-4F6C-B0AF-8041FD8CF712}.Debug|Any CPU.ActiveCfg = Debug|Any CPU
		{D22F8C72-3F73-4F6C-B0AF-8041FD8CF712}.Debug|Any CPU.Build.0 = Debug|Any CPU
		{D22F8C72-3F73-4F6C-B0AF-8041FD8CF712}.Release|Any CPU.ActiveCfg = Release|Any CPU
		{D22F8C72-3F73-4F6C-B0AF-8041FD8CF712}.Release|Any CPU.Build.0 = Release|Any CPU
		{9B5AC548-A8BA-448E-A469-6429F0E2A62B}.Debug|Any CPU.ActiveCfg = Debug|Any CPU
		{9B5AC548-A8BA-448E-A469-6429F0E2A62B}.Debug|Any CPU.Build.0 = Debug|Any CPU
		{9B5AC548-A8BA-448E-A469-6429F0E2A62B}.Release|Any CPU.ActiveCfg = Release|Any CPU
		{9B5AC548-A8BA-448E-A469-6429F0E2A62B}.Release|Any CPU.Build.0 = Release|Any CPU
		{F0AAEB91-7ABC-4B6F-9638-8F8BC403A893}.Debug|Any CPU.ActiveCfg = Debug|Any CPU
		{F0AAEB91-7ABC-4B6F-9638-8F8BC403A893}.Debug|Any CPU.Build.0 = Debug|Any CPU
		{F0AAEB91-7ABC-4B6F-9638-8F8BC403A893}.Release|Any CPU.ActiveCfg = Release|Any CPU
		{F0AAEB91-7ABC-4B6F-9638-8F8BC403A893}.Release|Any CPU.Build.0 = Release|Any CPU
		{A96C8E7F-DC19-4260-9039-1E7FAE37B45F}.Debug|Any CPU.ActiveCfg = Debug|Any CPU
		{A96C8E7F-DC19-4260-9039-1E7FAE37B45F}.Debug|Any CPU.Build.0 = Debug|Any CPU
		{A96C8E7F-DC19-4260-9039-1E7FAE37B45F}.Release|Any CPU.ActiveCfg = Release|Any CPU
		{A96C8E7F-DC19-4260-9039-1E7FAE37B45F}.Release|Any CPU.Build.0 = Release|Any CPU
		{76671D91-F1C3-4B3D-A6BA-FCE132D0E859}.Debug|Any CPU.ActiveCfg = Debug|Any CPU
		{76671D91-F1C3-4B3D-A6BA-FCE132D0E859}.Debug|Any CPU.Build.0 = Debug|Any CPU
		{76671D91-F1C3-4B3D-A6BA-FCE132D0E859}.Release|Any CPU.ActiveCfg = Release|Any CPU
		{76671D91-F1C3-4B3D-A6BA-FCE132D0E859}.Release|Any CPU.Build.0 = Release|Any CPU
		{E825556C-04D7-4856-BB64-6D4BE10D7045}.Debug|Any CPU.ActiveCfg = Debug|Any CPU
		{E825556C-04D7-4856-BB64-6D4BE10D7045}.Debug|Any CPU.Build.0 = Debug|Any CPU
		{E825556C-04D7-4856-BB64-6D4BE10D7045}.Release|Any CPU.ActiveCfg = Release|Any CPU
		{E825556C-04D7-4856-BB64-6D4BE10D7045}.Release|Any CPU.Build.0 = Release|Any CPU
		{AD8A1409-A718-4491-9C60-7FD50EDDC396}.Debug|Any CPU.ActiveCfg = Debug|Any CPU
		{AD8A1409-A718-4491-9C60-7FD50EDDC396}.Debug|Any CPU.Build.0 = Debug|Any CPU
		{AD8A1409-A718-4491-9C60-7FD50EDDC396}.Release|Any CPU.ActiveCfg = Release|Any CPU
		{AD8A1409-A718-4491-9C60-7FD50EDDC396}.Release|Any CPU.Build.0 = Release|Any CPU
		{52B53831-0038-4DFD-8E7A-B27ED1CFBC30}.Debug|Any CPU.ActiveCfg = Debug|Any CPU
		{52B53831-0038-4DFD-8E7A-B27ED1CFBC30}.Debug|Any CPU.Build.0 = Debug|Any CPU
		{52B53831-0038-4DFD-8E7A-B27ED1CFBC30}.Release|Any CPU.ActiveCfg = Release|Any CPU
		{52B53831-0038-4DFD-8E7A-B27ED1CFBC30}.Release|Any CPU.Build.0 = Release|Any CPU
		{20FEA49B-71AD-485C-A19D-7F68D78F2D30}.Debug|Any CPU.ActiveCfg = Debug|Any CPU
		{20FEA49B-71AD-485C-A19D-7F68D78F2D30}.Debug|Any CPU.Build.0 = Debug|Any CPU
		{20FEA49B-71AD-485C-A19D-7F68D78F2D30}.Release|Any CPU.ActiveCfg = Release|Any CPU
		{20FEA49B-71AD-485C-A19D-7F68D78F2D30}.Release|Any CPU.Build.0 = Release|Any CPU
		{B0D96864-0909-4693-B548-D8AD04A80CF9}.Debug|Any CPU.ActiveCfg = Debug|Any CPU
		{B0D96864-0909-4693-B548-D8AD04A80CF9}.Debug|Any CPU.Build.0 = Debug|Any CPU
		{B0D96864-0909-4693-B548-D8AD04A80CF9}.Release|Any CPU.ActiveCfg = Release|Any CPU
		{B0D96864-0909-4693-B548-D8AD04A80CF9}.Release|Any CPU.Build.0 = Release|Any CPU
		{9150C59E-274C-429C-9FE4-2DCA43BEAEFA}.Debug|Any CPU.ActiveCfg = Debug|Any CPU
		{9150C59E-274C-429C-9FE4-2DCA43BEAEFA}.Debug|Any CPU.Build.0 = Debug|Any CPU
		{9150C59E-274C-429C-9FE4-2DCA43BEAEFA}.Release|Any CPU.ActiveCfg = Release|Any CPU
		{9150C59E-274C-429C-9FE4-2DCA43BEAEFA}.Release|Any CPU.Build.0 = Release|Any CPU
		{E332ED67-76F2-4241-ABAD-C63D68EEC2FF}.Debug|Any CPU.ActiveCfg = Debug|Any CPU
		{E332ED67-76F2-4241-ABAD-C63D68EEC2FF}.Debug|Any CPU.Build.0 = Debug|Any CPU
		{E332ED67-76F2-4241-ABAD-C63D68EEC2FF}.Release|Any CPU.ActiveCfg = Release|Any CPU
		{E332ED67-76F2-4241-ABAD-C63D68EEC2FF}.Release|Any CPU.Build.0 = Release|Any CPU
		{AE0804AF-8CAB-42CA-9C0F-F140DE7102A3}.Debug|Any CPU.ActiveCfg = Debug|Any CPU
		{AE0804AF-8CAB-42CA-9C0F-F140DE7102A3}.Debug|Any CPU.Build.0 = Debug|Any CPU
		{AE0804AF-8CAB-42CA-9C0F-F140DE7102A3}.Release|Any CPU.ActiveCfg = Release|Any CPU
		{AE0804AF-8CAB-42CA-9C0F-F140DE7102A3}.Release|Any CPU.Build.0 = Release|Any CPU
		{4F3DEC63-ADE0-4922-A79A-C3DE93EDE34E}.Debug|Any CPU.ActiveCfg = Debug|Any CPU
		{4F3DEC63-ADE0-4922-A79A-C3DE93EDE34E}.Debug|Any CPU.Build.0 = Debug|Any CPU
		{4F3DEC63-ADE0-4922-A79A-C3DE93EDE34E}.Release|Any CPU.ActiveCfg = Release|Any CPU
		{4F3DEC63-ADE0-4922-A79A-C3DE93EDE34E}.Release|Any CPU.Build.0 = Release|Any CPU
		{0DEA9BAA-2B4A-45CA-B4C8-29E206319C56}.Debug|Any CPU.ActiveCfg = Debug|Any CPU
		{0DEA9BAA-2B4A-45CA-B4C8-29E206319C56}.Debug|Any CPU.Build.0 = Debug|Any CPU
		{0DEA9BAA-2B4A-45CA-B4C8-29E206319C56}.Release|Any CPU.ActiveCfg = Release|Any CPU
		{0DEA9BAA-2B4A-45CA-B4C8-29E206319C56}.Release|Any CPU.Build.0 = Release|Any CPU
		{9E6DBF70-EA2C-4242-9166-D11CC0E16831}.Debug|Any CPU.ActiveCfg = Debug|Any CPU
		{9E6DBF70-EA2C-4242-9166-D11CC0E16831}.Debug|Any CPU.Build.0 = Debug|Any CPU
		{9E6DBF70-EA2C-4242-9166-D11CC0E16831}.Release|Any CPU.ActiveCfg = Release|Any CPU
		{9E6DBF70-EA2C-4242-9166-D11CC0E16831}.Release|Any CPU.Build.0 = Release|Any CPU
	EndGlobalSection
	GlobalSection(SolutionProperties) = preSolution
		HideSolutionNode = FALSE
	EndGlobalSection
	GlobalSection(NestedProjects) = preSolution
		{5B479CA5-AD2B-4684-9E30-8E9FC6CF0282} = {6B91AF79-343E-4D11-9498-0253CBECE86A}
		{76159C14-105F-4BFF-8742-6B66572A8923} = {778683CB-F1AE-4470-ADBA-353FF9C2FCA1}
		{EDB98CEC-FD5E-43C1-8FBA-5CE48F4264E8} = {6B91AF79-343E-4D11-9498-0253CBECE86A}
		{4A596697-0C4B-4B2F-A37E-E3217D693B98} = {6B91AF79-343E-4D11-9498-0253CBECE86A}
		{2A9C7A17-EBB9-4F71-B8D8-238002C99A42} = {778683CB-F1AE-4470-ADBA-353FF9C2FCA1}
		{CECE00F1-56D1-4A94-B737-CF19258DFE68} = {778683CB-F1AE-4470-ADBA-353FF9C2FCA1}
		{9BA5A730-85E2-4C02-8A57-276A12A89CA7} = {778683CB-F1AE-4470-ADBA-353FF9C2FCA1}
		{4B564E2E-4534-480B-AD67-438057BF7972} = {778683CB-F1AE-4470-ADBA-353FF9C2FCA1}
		{D22F8C72-3F73-4F6C-B0AF-8041FD8CF712} = {778683CB-F1AE-4470-ADBA-353FF9C2FCA1}
		{9B5AC548-A8BA-448E-A469-6429F0E2A62B} = {778683CB-F1AE-4470-ADBA-353FF9C2FCA1}
		{F0AAEB91-7ABC-4B6F-9638-8F8BC403A893} = {778683CB-F1AE-4470-ADBA-353FF9C2FCA1}
		{A96C8E7F-DC19-4260-9039-1E7FAE37B45F} = {778683CB-F1AE-4470-ADBA-353FF9C2FCA1}
		{76671D91-F1C3-4B3D-A6BA-FCE132D0E859} = {778683CB-F1AE-4470-ADBA-353FF9C2FCA1}
		{E825556C-04D7-4856-BB64-6D4BE10D7045} = {778683CB-F1AE-4470-ADBA-353FF9C2FCA1}
		{AD8A1409-A718-4491-9C60-7FD50EDDC396} = {778683CB-F1AE-4470-ADBA-353FF9C2FCA1}
		{52B53831-0038-4DFD-8E7A-B27ED1CFBC30} = {778683CB-F1AE-4470-ADBA-353FF9C2FCA1}
		{20FEA49B-71AD-485C-A19D-7F68D78F2D30} = {778683CB-F1AE-4470-ADBA-353FF9C2FCA1}
		{B0D96864-0909-4693-B548-D8AD04A80CF9} = {778683CB-F1AE-4470-ADBA-353FF9C2FCA1}
		{9150C59E-274C-429C-9FE4-2DCA43BEAEFA} = {778683CB-F1AE-4470-ADBA-353FF9C2FCA1}
		{E332ED67-76F2-4241-ABAD-C63D68EEC2FF} = {778683CB-F1AE-4470-ADBA-353FF9C2FCA1}
		{AE0804AF-8CAB-42CA-9C0F-F140DE7102A3} = {778683CB-F1AE-4470-ADBA-353FF9C2FCA1}
		{4F3DEC63-ADE0-4922-A79A-C3DE93EDE34E} = {778683CB-F1AE-4470-ADBA-353FF9C2FCA1}
		{0DEA9BAA-2B4A-45CA-B4C8-29E206319C56} = {778683CB-F1AE-4470-ADBA-353FF9C2FCA1}
		{9E6DBF70-EA2C-4242-9166-D11CC0E16831} = {778683CB-F1AE-4470-ADBA-353FF9C2FCA1}
	EndGlobalSection
	GlobalSection(ExtensibilityGlobals) = postSolution
		SolutionGuid = {427FEA3B-6740-4A66-87CB-23BA287C9E47}
	EndGlobalSection
EndGlobal
